// !$*UTF8*$!
{
	archiveVersion = 1;
	classes = {
	};
	objectVersion = 56;
	objects = {

/* Begin PBXBuildFile section */
		133097F53079EDD4D4E617EF /* Pods_ToDo_ToDoUITests.framework in Frameworks */ = {isa = PBXBuildFile; fileRef = 5CE10862D620858055E9C75C /* Pods_ToDo_ToDoUITests.framework */; };
		19E9F9813CE25F42B0BFDE6D /* Pods_ToDoTests.framework in Frameworks */ = {isa = PBXBuildFile; fileRef = 718321F7AE6F3BC0A53138C3 /* Pods_ToDoTests.framework */; };
		7A1ACCD72C2D58ED004FE3AC /* ToDoApp.swift in Sources */ = {isa = PBXBuildFile; fileRef = 7A1ACCD62C2D58ED004FE3AC /* ToDoApp.swift */; };
		7A1ACCD92C2D58ED004FE3AC /* ContentView.swift in Sources */ = {isa = PBXBuildFile; fileRef = 7A1ACCD82C2D58ED004FE3AC /* ContentView.swift */; };
		7A1ACCDB2C2D58EF004FE3AC /* Assets.xcassets in Resources */ = {isa = PBXBuildFile; fileRef = 7A1ACCDA2C2D58EF004FE3AC /* Assets.xcassets */; };
		7A1ACCDE2C2D58EF004FE3AC /* Preview Assets.xcassets in Resources */ = {isa = PBXBuildFile; fileRef = 7A1ACCDD2C2D58EF004FE3AC /* Preview Assets.xcassets */; };
		7A1ACCE82C2D58F0004FE3AC /* ToDoTests.swift in Sources */ = {isa = PBXBuildFile; fileRef = 7A1ACCE72C2D58F0004FE3AC /* ToDoTests.swift */; };
		7A1ACCF22C2D58F0004FE3AC /* ToDoUITests.swift in Sources */ = {isa = PBXBuildFile; fileRef = 7A1ACCF12C2D58F0004FE3AC /* ToDoUITests.swift */; };
		7A1ACCF42C2D58F0004FE3AC /* ToDoUITestsLaunchTests.swift in Sources */ = {isa = PBXBuildFile; fileRef = 7A1ACCF32C2D58F0004FE3AC /* ToDoUITestsLaunchTests.swift */; };
		7A1ACD062C2D595C004FE3AC /* ToDoItem.swift in Sources */ = {isa = PBXBuildFile; fileRef = 7A1ACD052C2D595C004FE3AC /* ToDoItem.swift */; };
		7A1ACD0C2C2D59B5004FE3AC /* CreateToDoView.swift in Sources */ = {isa = PBXBuildFile; fileRef = 7A1ACD0B2C2D59B5004FE3AC /* CreateToDoView.swift */; };
		7A1ACD112C2D5A19004FE3AC /* HomeViewModel.swift in Sources */ = {isa = PBXBuildFile; fileRef = 7A1ACD102C2D5A19004FE3AC /* HomeViewModel.swift */; };
		7A1ACD132C2D5C91004FE3AC /* Home.swift in Sources */ = {isa = PBXBuildFile; fileRef = 7A1ACD122C2D5C91004FE3AC /* Home.swift */; };
		7A7185E42C31206C00D75264 /* String+Extensions.swift in Sources */ = {isa = PBXBuildFile; fileRef = 7A7185E32C31206C00D75264 /* String+Extensions.swift */; };
		7A7185E72C316F0200D75264 /* ToDo.xcdatamodeld in Sources */ = {isa = PBXBuildFile; fileRef = 7A7185E52C316F0200D75264 /* ToDo.xcdatamodeld */; };
		7A7185EA2C3196E400D75264 /* NetworkManager.swift in Sources */ = {isa = PBXBuildFile; fileRef = 7A7185E92C3196E400D75264 /* NetworkManager.swift */; };
		7A7185ED2C319EE900D75264 /* GoogleService-Info.plist in Resources */ = {isa = PBXBuildFile; fileRef = 7A7185EC2C319EE900D75264 /* GoogleService-Info.plist */; };
		7A987F982C30465E00C310C8 /* ItemRowView.swift in Sources */ = {isa = PBXBuildFile; fileRef = 7A987F972C30465E00C310C8 /* ItemRowView.swift */; };
		7A987F9A2C3061CC00C310C8 /* EditView.swift in Sources */ = {isa = PBXBuildFile; fileRef = 7A987F992C3061CC00C310C8 /* EditView.swift */; };
		7AB5C8412C2DDF34009CFDFD /* FirebaseAuth in Frameworks */ = {isa = PBXBuildFile; productRef = 7AB5C8402C2DDF34009CFDFD /* FirebaseAuth */; };
		7AB5C8432C2DDF34009CFDFD /* FirebaseFirestore in Frameworks */ = {isa = PBXBuildFile; productRef = 7AB5C8422C2DDF34009CFDFD /* FirebaseFirestore */; };
		7AB5C8452C2DDF34009CFDFD /* FirebaseFirestoreSwift in Frameworks */ = {isa = PBXBuildFile; productRef = 7AB5C8442C2DDF34009CFDFD /* FirebaseFirestoreSwift */; };
		7AB5C8472C2DDF34009CFDFD /* FirebaseStorage in Frameworks */ = {isa = PBXBuildFile; productRef = 7AB5C8462C2DDF34009CFDFD /* FirebaseStorage */; };
		7AC9CA4E2C2F08DF00835992 /* ToDoItemProvider.swift in Sources */ = {isa = PBXBuildFile; fileRef = 7AC9CA4D2C2F08DF00835992 /* ToDoItemProvider.swift */; };
		7AD34DAE2C2D8E2A009235C7 /* Kingfisher in Frameworks */ = {isa = PBXBuildFile; productRef = 7AD34DAD2C2D8E2A009235C7 /* Kingfisher */; };
		7AD34DB22C2DA9BE009235C7 /* DetailView.swift in Sources */ = {isa = PBXBuildFile; fileRef = 7AD34DB12C2DA9BE009235C7 /* DetailView.swift */; };
		BD6CE7F55EFC22CC1F689AFE /* Pods_ToDo.framework in Frameworks */ = {isa = PBXBuildFile; fileRef = 56DDB1159EC8E08F9CDBFD90 /* Pods_ToDo.framework */; };
/* End PBXBuildFile section */

/* Begin PBXContainerItemProxy section */
		7A1ACCE42C2D58F0004FE3AC /* PBXContainerItemProxy */ = {
			isa = PBXContainerItemProxy;
			containerPortal = 7A1ACCCB2C2D58ED004FE3AC /* Project object */;
			proxyType = 1;
			remoteGlobalIDString = 7A1ACCD22C2D58ED004FE3AC;
			remoteInfo = ToDo;
		};
		7A1ACCEE2C2D58F0004FE3AC /* PBXContainerItemProxy */ = {
			isa = PBXContainerItemProxy;
			containerPortal = 7A1ACCCB2C2D58ED004FE3AC /* Project object */;
			proxyType = 1;
			remoteGlobalIDString = 7A1ACCD22C2D58ED004FE3AC;
			remoteInfo = ToDo;
		};
/* End PBXContainerItemProxy section */

/* Begin PBXFileReference section */
		030FD1E69C7709BE3C934653 /* Pods-ToDo.release.xcconfig */ = {isa = PBXFileReference; includeInIndex = 1; lastKnownFileType = text.xcconfig; name = "Pods-ToDo.release.xcconfig"; path = "Target Support Files/Pods-ToDo/Pods-ToDo.release.xcconfig"; sourceTree = "<group>"; };
		56DDB1159EC8E08F9CDBFD90 /* Pods_ToDo.framework */ = {isa = PBXFileReference; explicitFileType = wrapper.framework; includeInIndex = 0; path = Pods_ToDo.framework; sourceTree = BUILT_PRODUCTS_DIR; };
		5CE10862D620858055E9C75C /* Pods_ToDo_ToDoUITests.framework */ = {isa = PBXFileReference; explicitFileType = wrapper.framework; includeInIndex = 0; path = Pods_ToDo_ToDoUITests.framework; sourceTree = BUILT_PRODUCTS_DIR; };
		675C4029EB527ABEB3C0ECE3 /* Pods-ToDo-ToDoUITests.release.xcconfig */ = {isa = PBXFileReference; includeInIndex = 1; lastKnownFileType = text.xcconfig; name = "Pods-ToDo-ToDoUITests.release.xcconfig"; path = "Target Support Files/Pods-ToDo-ToDoUITests/Pods-ToDo-ToDoUITests.release.xcconfig"; sourceTree = "<group>"; };
		718321F7AE6F3BC0A53138C3 /* Pods_ToDoTests.framework */ = {isa = PBXFileReference; explicitFileType = wrapper.framework; includeInIndex = 0; path = Pods_ToDoTests.framework; sourceTree = BUILT_PRODUCTS_DIR; };
		7A1ACCD32C2D58ED004FE3AC /* ToDo.app */ = {isa = PBXFileReference; explicitFileType = wrapper.application; includeInIndex = 0; path = ToDo.app; sourceTree = BUILT_PRODUCTS_DIR; };
		7A1ACCD62C2D58ED004FE3AC /* ToDoApp.swift */ = {isa = PBXFileReference; lastKnownFileType = sourcecode.swift; path = ToDoApp.swift; sourceTree = "<group>"; };
		7A1ACCD82C2D58ED004FE3AC /* ContentView.swift */ = {isa = PBXFileReference; lastKnownFileType = sourcecode.swift; path = ContentView.swift; sourceTree = "<group>"; };
		7A1ACCDA2C2D58EF004FE3AC /* Assets.xcassets */ = {isa = PBXFileReference; lastKnownFileType = folder.assetcatalog; path = Assets.xcassets; sourceTree = "<group>"; };
		7A1ACCDD2C2D58EF004FE3AC /* Preview Assets.xcassets */ = {isa = PBXFileReference; lastKnownFileType = folder.assetcatalog; path = "Preview Assets.xcassets"; sourceTree = "<group>"; };
		7A1ACCE32C2D58F0004FE3AC /* ToDoTests.xctest */ = {isa = PBXFileReference; explicitFileType = wrapper.cfbundle; includeInIndex = 0; path = ToDoTests.xctest; sourceTree = BUILT_PRODUCTS_DIR; };
		7A1ACCE72C2D58F0004FE3AC /* ToDoTests.swift */ = {isa = PBXFileReference; lastKnownFileType = sourcecode.swift; path = ToDoTests.swift; sourceTree = "<group>"; };
		7A1ACCED2C2D58F0004FE3AC /* ToDoUITests.xctest */ = {isa = PBXFileReference; explicitFileType = wrapper.cfbundle; includeInIndex = 0; path = ToDoUITests.xctest; sourceTree = BUILT_PRODUCTS_DIR; };
		7A1ACCF12C2D58F0004FE3AC /* ToDoUITests.swift */ = {isa = PBXFileReference; lastKnownFileType = sourcecode.swift; path = ToDoUITests.swift; sourceTree = "<group>"; };
		7A1ACCF32C2D58F0004FE3AC /* ToDoUITestsLaunchTests.swift */ = {isa = PBXFileReference; lastKnownFileType = sourcecode.swift; path = ToDoUITestsLaunchTests.swift; sourceTree = "<group>"; };
		7A1ACD052C2D595C004FE3AC /* ToDoItem.swift */ = {isa = PBXFileReference; lastKnownFileType = sourcecode.swift; path = ToDoItem.swift; sourceTree = "<group>"; };
		7A1ACD0B2C2D59B5004FE3AC /* CreateToDoView.swift */ = {isa = PBXFileReference; lastKnownFileType = sourcecode.swift; path = CreateToDoView.swift; sourceTree = "<group>"; };
		7A1ACD102C2D5A19004FE3AC /* HomeViewModel.swift */ = {isa = PBXFileReference; lastKnownFileType = sourcecode.swift; path = HomeViewModel.swift; sourceTree = "<group>"; };
		7A1ACD122C2D5C91004FE3AC /* Home.swift */ = {isa = PBXFileReference; lastKnownFileType = sourcecode.swift; path = Home.swift; sourceTree = "<group>"; };
		7A7185E32C31206C00D75264 /* String+Extensions.swift */ = {isa = PBXFileReference; lastKnownFileType = sourcecode.swift; path = "String+Extensions.swift"; sourceTree = "<group>"; };
		7A7185E62C316F0200D75264 /* ToDo.xcdatamodel */ = {isa = PBXFileReference; lastKnownFileType = wrapper.xcdatamodel; path = ToDo.xcdatamodel; sourceTree = "<group>"; };
		7A7185E82C31726C00D75264 /* ToDo 2.xcdatamodel */ = {isa = PBXFileReference; lastKnownFileType = wrapper.xcdatamodel; path = "ToDo 2.xcdatamodel"; sourceTree = "<group>"; };
		7A7185E92C3196E400D75264 /* NetworkManager.swift */ = {isa = PBXFileReference; lastKnownFileType = sourcecode.swift; path = NetworkManager.swift; sourceTree = "<group>"; };
		7A7185EC2C319EE900D75264 /* GoogleService-Info.plist */ = {isa = PBXFileReference; fileEncoding = 4; lastKnownFileType = text.plist.xml; path = "GoogleService-Info.plist"; sourceTree = "<group>"; };
		7A987F972C30465E00C310C8 /* ItemRowView.swift */ = {isa = PBXFileReference; lastKnownFileType = sourcecode.swift; path = ItemRowView.swift; sourceTree = "<group>"; };
		7A987F992C3061CC00C310C8 /* EditView.swift */ = {isa = PBXFileReference; lastKnownFileType = sourcecode.swift; path = EditView.swift; sourceTree = "<group>"; };
		7AC9CA4D2C2F08DF00835992 /* ToDoItemProvider.swift */ = {isa = PBXFileReference; lastKnownFileType = sourcecode.swift; path = ToDoItemProvider.swift; sourceTree = "<group>"; };
		7AD34DB12C2DA9BE009235C7 /* DetailView.swift */ = {isa = PBXFileReference; lastKnownFileType = sourcecode.swift; path = DetailView.swift; sourceTree = "<group>"; };
		8867FBB5794C333C9392BF77 /* Pods-ToDoTests.debug.xcconfig */ = {isa = PBXFileReference; includeInIndex = 1; lastKnownFileType = text.xcconfig; name = "Pods-ToDoTests.debug.xcconfig"; path = "Target Support Files/Pods-ToDoTests/Pods-ToDoTests.debug.xcconfig"; sourceTree = "<group>"; };
		EE95A81503AABF826540FC7E /* Pods-ToDo.debug.xcconfig */ = {isa = PBXFileReference; includeInIndex = 1; lastKnownFileType = text.xcconfig; name = "Pods-ToDo.debug.xcconfig"; path = "Target Support Files/Pods-ToDo/Pods-ToDo.debug.xcconfig"; sourceTree = "<group>"; };
		F5A49836478847D2C2C4FB18 /* Pods-ToDo-ToDoUITests.debug.xcconfig */ = {isa = PBXFileReference; includeInIndex = 1; lastKnownFileType = text.xcconfig; name = "Pods-ToDo-ToDoUITests.debug.xcconfig"; path = "Target Support Files/Pods-ToDo-ToDoUITests/Pods-ToDo-ToDoUITests.debug.xcconfig"; sourceTree = "<group>"; };
		FBEAF41232CB49526B74FEA0 /* Pods-ToDoTests.release.xcconfig */ = {isa = PBXFileReference; includeInIndex = 1; lastKnownFileType = text.xcconfig; name = "Pods-ToDoTests.release.xcconfig"; path = "Target Support Files/Pods-ToDoTests/Pods-ToDoTests.release.xcconfig"; sourceTree = "<group>"; };
/* End PBXFileReference section */

/* Begin PBXFrameworksBuildPhase section */
		7A1ACCD02C2D58ED004FE3AC /* Frameworks */ = {
			isa = PBXFrameworksBuildPhase;
			buildActionMask = 2147483647;
			files = (
				7AB5C8452C2DDF34009CFDFD /* FirebaseFirestoreSwift in Frameworks */,
				7AD34DAE2C2D8E2A009235C7 /* Kingfisher in Frameworks */,
				7AB5C8432C2DDF34009CFDFD /* FirebaseFirestore in Frameworks */,
				7AB5C8412C2DDF34009CFDFD /* FirebaseAuth in Frameworks */,
				7AB5C8472C2DDF34009CFDFD /* FirebaseStorage in Frameworks */,
				BD6CE7F55EFC22CC1F689AFE /* Pods_ToDo.framework in Frameworks */,
			);
			runOnlyForDeploymentPostprocessing = 0;
		};
		7A1ACCE02C2D58F0004FE3AC /* Frameworks */ = {
			isa = PBXFrameworksBuildPhase;
			buildActionMask = 2147483647;
			files = (
				19E9F9813CE25F42B0BFDE6D /* Pods_ToDoTests.framework in Frameworks */,
			);
			runOnlyForDeploymentPostprocessing = 0;
		};
		7A1ACCEA2C2D58F0004FE3AC /* Frameworks */ = {
			isa = PBXFrameworksBuildPhase;
			buildActionMask = 2147483647;
			files = (
				133097F53079EDD4D4E617EF /* Pods_ToDo_ToDoUITests.framework in Frameworks */,
			);
			runOnlyForDeploymentPostprocessing = 0;
		};
/* End PBXFrameworksBuildPhase section */

/* Begin PBXGroup section */
		5260E1C46567D1E26762048D /* Frameworks */ = {
			isa = PBXGroup;
			children = (
				56DDB1159EC8E08F9CDBFD90 /* Pods_ToDo.framework */,
				5CE10862D620858055E9C75C /* Pods_ToDo_ToDoUITests.framework */,
				718321F7AE6F3BC0A53138C3 /* Pods_ToDoTests.framework */,
			);
			name = Frameworks;
			sourceTree = "<group>";
		};
		7A1ACCCA2C2D58ED004FE3AC = {
			isa = PBXGroup;
			children = (
				7A7185E52C316F0200D75264 /* ToDo.xcdatamodeld */,
				7A1ACCD52C2D58ED004FE3AC /* ToDo */,
				7A1ACCE62C2D58F0004FE3AC /* ToDoTests */,
				7A1ACCF02C2D58F0004FE3AC /* ToDoUITests */,
				7A1ACCD42C2D58ED004FE3AC /* Products */,
				EFA08749925DA37A096B9981 /* Pods */,
				5260E1C46567D1E26762048D /* Frameworks */,
			);
			sourceTree = "<group>";
		};
		7A1ACCD42C2D58ED004FE3AC /* Products */ = {
			isa = PBXGroup;
			children = (
				7A1ACCD32C2D58ED004FE3AC /* ToDo.app */,
				7A1ACCE32C2D58F0004FE3AC /* ToDoTests.xctest */,
				7A1ACCED2C2D58F0004FE3AC /* ToDoUITests.xctest */,
			);
			name = Products;
			sourceTree = "<group>";
		};
		7A1ACCD52C2D58ED004FE3AC /* ToDo */ = {
			isa = PBXGroup;
			children = (
				7A7185EB2C3196EE00D75264 /* Networking */,
				7AC9CA4C2C2F088A00835992 /* Provider */,
				7A1ACD002C2D58FF004FE3AC /* Views */,
				7A1ACD0A2C2D5999004FE3AC /* SubViews */,
				7A1ACCD62C2D58ED004FE3AC /* ToDoApp.swift */,
				7A1ACCD82C2D58ED004FE3AC /* ContentView.swift */,
				7A7185EC2C319EE900D75264 /* GoogleService-Info.plist */,
				7A1ACCDA2C2D58EF004FE3AC /* Assets.xcassets */,
				7A7185E22C31204700D75264 /* Strings+Extensions */,
				7A1ACCDC2C2D58EF004FE3AC /* Preview Content */,
			);
			path = ToDo;
			sourceTree = "<group>";
		};
		7A1ACCDC2C2D58EF004FE3AC /* Preview Content */ = {
			isa = PBXGroup;
			children = (
				7A1ACCDD2C2D58EF004FE3AC /* Preview Assets.xcassets */,
			);
			path = "Preview Content";
			sourceTree = "<group>";
		};
		7A1ACCE62C2D58F0004FE3AC /* ToDoTests */ = {
			isa = PBXGroup;
			children = (
				7A1ACCE72C2D58F0004FE3AC /* ToDoTests.swift */,
			);
			path = ToDoTests;
			sourceTree = "<group>";
		};
		7A1ACCF02C2D58F0004FE3AC /* ToDoUITests */ = {
			isa = PBXGroup;
			children = (
				7A1ACCF12C2D58F0004FE3AC /* ToDoUITests.swift */,
				7A1ACCF32C2D58F0004FE3AC /* ToDoUITestsLaunchTests.swift */,
			);
			path = ToDoUITests;
			sourceTree = "<group>";
		};
		7A1ACD002C2D58FF004FE3AC /* Views */ = {
			isa = PBXGroup;
			children = (
				7A1ACD012C2D5906004FE3AC /* Home */,
			);
			path = Views;
			sourceTree = "<group>";
		};
		7A1ACD012C2D5906004FE3AC /* Home */ = {
			isa = PBXGroup;
			children = (
				7A1ACD042C2D592E004FE3AC /* View */,
				7A1ACD032C2D5928004FE3AC /* ViewModel */,
				7A1ACD022C2D590B004FE3AC /* Model */,
			);
			path = Home;
			sourceTree = "<group>";
		};
		7A1ACD022C2D590B004FE3AC /* Model */ = {
			isa = PBXGroup;
			children = (
				7A1ACD052C2D595C004FE3AC /* ToDoItem.swift */,
			);
			path = Model;
			sourceTree = "<group>";
		};
		7A1ACD032C2D5928004FE3AC /* ViewModel */ = {
			isa = PBXGroup;
			children = (
				7A1ACD102C2D5A19004FE3AC /* HomeViewModel.swift */,
			);
			path = ViewModel;
			sourceTree = "<group>";
		};
		7A1ACD042C2D592E004FE3AC /* View */ = {
			isa = PBXGroup;
			children = (
				7A1ACD122C2D5C91004FE3AC /* Home.swift */,
				7A987F972C30465E00C310C8 /* ItemRowView.swift */,
			);
			path = View;
			sourceTree = "<group>";
		};
		7A1ACD0A2C2D5999004FE3AC /* SubViews */ = {
			isa = PBXGroup;
			children = (
				7A1ACD0B2C2D59B5004FE3AC /* CreateToDoView.swift */,
				7AD34DB12C2DA9BE009235C7 /* DetailView.swift */,
				7A987F992C3061CC00C310C8 /* EditView.swift */,
			);
			path = SubViews;
			sourceTree = "<group>";
		};
		7A7185E22C31204700D75264 /* Strings+Extensions */ = {
			isa = PBXGroup;
			children = (
				7A7185E32C31206C00D75264 /* String+Extensions.swift */,
			);
			path = "Strings+Extensions";
			sourceTree = "<group>";
		};
		7A7185EB2C3196EE00D75264 /* Networking */ = {
			isa = PBXGroup;
			children = (
				7A7185E92C3196E400D75264 /* NetworkManager.swift */,
			);
			path = Networking;
			sourceTree = "<group>";
		};
		7AC9CA4C2C2F088A00835992 /* Provider */ = {
			isa = PBXGroup;
			children = (
				7AC9CA4D2C2F08DF00835992 /* ToDoItemProvider.swift */,
			);
			path = Provider;
			sourceTree = "<group>";
		};
		EFA08749925DA37A096B9981 /* Pods */ = {
			isa = PBXGroup;
			children = (
				EE95A81503AABF826540FC7E /* Pods-ToDo.debug.xcconfig */,
				030FD1E69C7709BE3C934653 /* Pods-ToDo.release.xcconfig */,
				F5A49836478847D2C2C4FB18 /* Pods-ToDo-ToDoUITests.debug.xcconfig */,
				675C4029EB527ABEB3C0ECE3 /* Pods-ToDo-ToDoUITests.release.xcconfig */,
				8867FBB5794C333C9392BF77 /* Pods-ToDoTests.debug.xcconfig */,
				FBEAF41232CB49526B74FEA0 /* Pods-ToDoTests.release.xcconfig */,
			);
			path = Pods;
			sourceTree = "<group>";
		};
/* End PBXGroup section */

/* Begin PBXNativeTarget section */
		7A1ACCD22C2D58ED004FE3AC /* ToDo */ = {
			isa = PBXNativeTarget;
			buildConfigurationList = 7A1ACCF72C2D58F0004FE3AC /* Build configuration list for PBXNativeTarget "ToDo" */;
			buildPhases = (
				12B252C60477DC6F981C4385 /* [CP] Check Pods Manifest.lock */,
				7A1ACCCF2C2D58ED004FE3AC /* Sources */,
				7A1ACCD02C2D58ED004FE3AC /* Frameworks */,
				7A1ACCD12C2D58ED004FE3AC /* Resources */,
			);
			buildRules = (
			);
			dependencies = (
			);
			name = ToDo;
			packageProductDependencies = (
				7AD34DAD2C2D8E2A009235C7 /* Kingfisher */,
				7AB5C8402C2DDF34009CFDFD /* FirebaseAuth */,
				7AB5C8422C2DDF34009CFDFD /* FirebaseFirestore */,
				7AB5C8442C2DDF34009CFDFD /* FirebaseFirestoreSwift */,
				7AB5C8462C2DDF34009CFDFD /* FirebaseStorage */,
			);
			productName = ToDo;
			productReference = 7A1ACCD32C2D58ED004FE3AC /* ToDo.app */;
			productType = "com.apple.product-type.application";
		};
		7A1ACCE22C2D58F0004FE3AC /* ToDoTests */ = {
			isa = PBXNativeTarget;
			buildConfigurationList = 7A1ACCFA2C2D58F0004FE3AC /* Build configuration list for PBXNativeTarget "ToDoTests" */;
			buildPhases = (
				CBF5B621DFE538CDF3085CAA /* [CP] Check Pods Manifest.lock */,
				7A1ACCDF2C2D58F0004FE3AC /* Sources */,
				7A1ACCE02C2D58F0004FE3AC /* Frameworks */,
				7A1ACCE12C2D58F0004FE3AC /* Resources */,
			);
			buildRules = (
			);
			dependencies = (
				7A1ACCE52C2D58F0004FE3AC /* PBXTargetDependency */,
			);
			name = ToDoTests;
			productName = ToDoTests;
			productReference = 7A1ACCE32C2D58F0004FE3AC /* ToDoTests.xctest */;
			productType = "com.apple.product-type.bundle.unit-test";
		};
		7A1ACCEC2C2D58F0004FE3AC /* ToDoUITests */ = {
			isa = PBXNativeTarget;
			buildConfigurationList = 7A1ACCFD2C2D58F0004FE3AC /* Build configuration list for PBXNativeTarget "ToDoUITests" */;
			buildPhases = (
				72972D59C1F290FB58C97688 /* [CP] Check Pods Manifest.lock */,
				7A1ACCE92C2D58F0004FE3AC /* Sources */,
				7A1ACCEA2C2D58F0004FE3AC /* Frameworks */,
				7A1ACCEB2C2D58F0004FE3AC /* Resources */,
			);
			buildRules = (
			);
			dependencies = (
				7A1ACCEF2C2D58F0004FE3AC /* PBXTargetDependency */,
			);
			name = ToDoUITests;
			productName = ToDoUITests;
			productReference = 7A1ACCED2C2D58F0004FE3AC /* ToDoUITests.xctest */;
			productType = "com.apple.product-type.bundle.ui-testing";
		};
/* End PBXNativeTarget section */

/* Begin PBXProject section */
		7A1ACCCB2C2D58ED004FE3AC /* Project object */ = {
			isa = PBXProject;
			attributes = {
				BuildIndependentTargetsInParallel = 1;
				LastSwiftUpdateCheck = 1540;
				LastUpgradeCheck = 1540;
				TargetAttributes = {
					7A1ACCD22C2D58ED004FE3AC = {
						CreatedOnToolsVersion = 15.4;
					};
					7A1ACCE22C2D58F0004FE3AC = {
						CreatedOnToolsVersion = 15.4;
						TestTargetID = 7A1ACCD22C2D58ED004FE3AC;
					};
					7A1ACCEC2C2D58F0004FE3AC = {
						CreatedOnToolsVersion = 15.4;
						TestTargetID = 7A1ACCD22C2D58ED004FE3AC;
					};
				};
			};
			buildConfigurationList = 7A1ACCCE2C2D58ED004FE3AC /* Build configuration list for PBXProject "ToDo" */;
			compatibilityVersion = "Xcode 14.0";
			developmentRegion = en;
			hasScannedForEncodings = 0;
			knownRegions = (
				en,
				Base,
			);
			mainGroup = 7A1ACCCA2C2D58ED004FE3AC;
			packageReferences = (
				7AD34DAC2C2D8D40009235C7 /* XCRemoteSwiftPackageReference "Kingfisher" */,
				7AB5C83F2C2DDF34009CFDFD /* XCRemoteSwiftPackageReference "firebase-ios-sdk" */,
				7AB5C8482C2DE038009CFDFD /* XCRemoteSwiftPackageReference "GoogleSignIn-iOS" */,
			);
			productRefGroup = 7A1ACCD42C2D58ED004FE3AC /* Products */;
			projectDirPath = "";
			projectRoot = "";
			targets = (
				7A1ACCD22C2D58ED004FE3AC /* ToDo */,
				7A1ACCE22C2D58F0004FE3AC /* ToDoTests */,
				7A1ACCEC2C2D58F0004FE3AC /* ToDoUITests */,
			);
		};
/* End PBXProject section */

/* Begin PBXResourcesBuildPhase section */
		7A1ACCD12C2D58ED004FE3AC /* Resources */ = {
			isa = PBXResourcesBuildPhase;
			buildActionMask = 2147483647;
			files = (
				7A1ACCDE2C2D58EF004FE3AC /* Preview Assets.xcassets in Resources */,
				7A7185ED2C319EE900D75264 /* GoogleService-Info.plist in Resources */,
				7A1ACCDB2C2D58EF004FE3AC /* Assets.xcassets in Resources */,
			);
			runOnlyForDeploymentPostprocessing = 0;
		};
		7A1ACCE12C2D58F0004FE3AC /* Resources */ = {
			isa = PBXResourcesBuildPhase;
			buildActionMask = 2147483647;
			files = (
			);
			runOnlyForDeploymentPostprocessing = 0;
		};
		7A1ACCEB2C2D58F0004FE3AC /* Resources */ = {
			isa = PBXResourcesBuildPhase;
			buildActionMask = 2147483647;
			files = (
			);
			runOnlyForDeploymentPostprocessing = 0;
		};
/* End PBXResourcesBuildPhase section */

/* Begin PBXShellScriptBuildPhase section */
		12B252C60477DC6F981C4385 /* [CP] Check Pods Manifest.lock */ = {
			isa = PBXShellScriptBuildPhase;
			buildActionMask = 2147483647;
			files = (
			);
			inputFileListPaths = (
			);
			inputPaths = (
				"${PODS_PODFILE_DIR_PATH}/Podfile.lock",
				"${PODS_ROOT}/Manifest.lock",
			);
			name = "[CP] Check Pods Manifest.lock";
			outputFileListPaths = (
			);
			outputPaths = (
				"$(DERIVED_FILE_DIR)/Pods-ToDo-checkManifestLockResult.txt",
			);
			runOnlyForDeploymentPostprocessing = 0;
			shellPath = /bin/sh;
			shellScript = "diff \"${PODS_PODFILE_DIR_PATH}/Podfile.lock\" \"${PODS_ROOT}/Manifest.lock\" > /dev/null\nif [ $? != 0 ] ; then\n    # print error to STDERR\n    echo \"error: The sandbox is not in sync with the Podfile.lock. Run 'pod install' or update your CocoaPods installation.\" >&2\n    exit 1\nfi\n# This output is used by Xcode 'outputs' to avoid re-running this script phase.\necho \"SUCCESS\" > \"${SCRIPT_OUTPUT_FILE_0}\"\n";
			showEnvVarsInLog = 0;
		};
		72972D59C1F290FB58C97688 /* [CP] Check Pods Manifest.lock */ = {
			isa = PBXShellScriptBuildPhase;
			buildActionMask = 2147483647;
			files = (
			);
			inputFileListPaths = (
			);
			inputPaths = (
				"${PODS_PODFILE_DIR_PATH}/Podfile.lock",
				"${PODS_ROOT}/Manifest.lock",
			);
			name = "[CP] Check Pods Manifest.lock";
			outputFileListPaths = (
			);
			outputPaths = (
				"$(DERIVED_FILE_DIR)/Pods-ToDo-ToDoUITests-checkManifestLockResult.txt",
			);
			runOnlyForDeploymentPostprocessing = 0;
			shellPath = /bin/sh;
			shellScript = "diff \"${PODS_PODFILE_DIR_PATH}/Podfile.lock\" \"${PODS_ROOT}/Manifest.lock\" > /dev/null\nif [ $? != 0 ] ; then\n    # print error to STDERR\n    echo \"error: The sandbox is not in sync with the Podfile.lock. Run 'pod install' or update your CocoaPods installation.\" >&2\n    exit 1\nfi\n# This output is used by Xcode 'outputs' to avoid re-running this script phase.\necho \"SUCCESS\" > \"${SCRIPT_OUTPUT_FILE_0}\"\n";
			showEnvVarsInLog = 0;
		};
		CBF5B621DFE538CDF3085CAA /* [CP] Check Pods Manifest.lock */ = {
			isa = PBXShellScriptBuildPhase;
			buildActionMask = 2147483647;
			files = (
			);
			inputFileListPaths = (
			);
			inputPaths = (
				"${PODS_PODFILE_DIR_PATH}/Podfile.lock",
				"${PODS_ROOT}/Manifest.lock",
			);
			name = "[CP] Check Pods Manifest.lock";
			outputFileListPaths = (
			);
			outputPaths = (
				"$(DERIVED_FILE_DIR)/Pods-ToDoTests-checkManifestLockResult.txt",
			);
			runOnlyForDeploymentPostprocessing = 0;
			shellPath = /bin/sh;
			shellScript = "diff \"${PODS_PODFILE_DIR_PATH}/Podfile.lock\" \"${PODS_ROOT}/Manifest.lock\" > /dev/null\nif [ $? != 0 ] ; then\n    # print error to STDERR\n    echo \"error: The sandbox is not in sync with the Podfile.lock. Run 'pod install' or update your CocoaPods installation.\" >&2\n    exit 1\nfi\n# This output is used by Xcode 'outputs' to avoid re-running this script phase.\necho \"SUCCESS\" > \"${SCRIPT_OUTPUT_FILE_0}\"\n";
			showEnvVarsInLog = 0;
		};
/* End PBXShellScriptBuildPhase section */

/* Begin PBXSourcesBuildPhase section */
		7A1ACCCF2C2D58ED004FE3AC /* Sources */ = {
			isa = PBXSourcesBuildPhase;
			buildActionMask = 2147483647;
			files = (
				7A1ACCD92C2D58ED004FE3AC /* ContentView.swift in Sources */,
				7AC9CA4E2C2F08DF00835992 /* ToDoItemProvider.swift in Sources */,
				7A987F9A2C3061CC00C310C8 /* EditView.swift in Sources */,
				7A7185EA2C3196E400D75264 /* NetworkManager.swift in Sources */,
				7AD34DB22C2DA9BE009235C7 /* DetailView.swift in Sources */,
				7A7185E42C31206C00D75264 /* String+Extensions.swift in Sources */,
				7A1ACD112C2D5A19004FE3AC /* HomeViewModel.swift in Sources */,
				7A1ACD0C2C2D59B5004FE3AC /* CreateToDoView.swift in Sources */,
				7A7185E72C316F0200D75264 /* ToDo.xcdatamodeld in Sources */,
				7A1ACCD72C2D58ED004FE3AC /* ToDoApp.swift in Sources */,
				7A1ACD062C2D595C004FE3AC /* ToDoItem.swift in Sources */,
				7A987F982C30465E00C310C8 /* ItemRowView.swift in Sources */,
				7A1ACD132C2D5C91004FE3AC /* Home.swift in Sources */,
			);
			runOnlyForDeploymentPostprocessing = 0;
		};
		7A1ACCDF2C2D58F0004FE3AC /* Sources */ = {
			isa = PBXSourcesBuildPhase;
			buildActionMask = 2147483647;
			files = (
				7A1ACCE82C2D58F0004FE3AC /* ToDoTests.swift in Sources */,
			);
			runOnlyForDeploymentPostprocessing = 0;
		};
		7A1ACCE92C2D58F0004FE3AC /* Sources */ = {
			isa = PBXSourcesBuildPhase;
			buildActionMask = 2147483647;
			files = (
				7A1ACCF42C2D58F0004FE3AC /* ToDoUITestsLaunchTests.swift in Sources */,
				7A1ACCF22C2D58F0004FE3AC /* ToDoUITests.swift in Sources */,
			);
			runOnlyForDeploymentPostprocessing = 0;
		};
/* End PBXSourcesBuildPhase section */

/* Begin PBXTargetDependency section */
		7A1ACCE52C2D58F0004FE3AC /* PBXTargetDependency */ = {
			isa = PBXTargetDependency;
			target = 7A1ACCD22C2D58ED004FE3AC /* ToDo */;
			targetProxy = 7A1ACCE42C2D58F0004FE3AC /* PBXContainerItemProxy */;
		};
		7A1ACCEF2C2D58F0004FE3AC /* PBXTargetDependency */ = {
			isa = PBXTargetDependency;
			target = 7A1ACCD22C2D58ED004FE3AC /* ToDo */;
			targetProxy = 7A1ACCEE2C2D58F0004FE3AC /* PBXContainerItemProxy */;
		};
/* End PBXTargetDependency section */

/* Begin XCBuildConfiguration section */
		7A1ACCF52C2D58F0004FE3AC /* Debug */ = {
			isa = XCBuildConfiguration;
			buildSettings = {
				ALWAYS_SEARCH_USER_PATHS = NO;
				ASSETCATALOG_COMPILER_GENERATE_SWIFT_ASSET_SYMBOL_EXTENSIONS = YES;
				CLANG_ANALYZER_NONNULL = YES;
				CLANG_ANALYZER_NUMBER_OBJECT_CONVERSION = YES_AGGRESSIVE;
				CLANG_CXX_LANGUAGE_STANDARD = "gnu++20";
				CLANG_ENABLE_MODULES = YES;
				CLANG_ENABLE_OBJC_ARC = YES;
				CLANG_ENABLE_OBJC_WEAK = YES;
				CLANG_WARN_BLOCK_CAPTURE_AUTORELEASING = YES;
				CLANG_WARN_BOOL_CONVERSION = YES;
				CLANG_WARN_COMMA = YES;
				CLANG_WARN_CONSTANT_CONVERSION = YES;
				CLANG_WARN_DEPRECATED_OBJC_IMPLEMENTATIONS = YES;
				CLANG_WARN_DIRECT_OBJC_ISA_USAGE = YES_ERROR;
				CLANG_WARN_DOCUMENTATION_COMMENTS = YES;
				CLANG_WARN_EMPTY_BODY = YES;
				CLANG_WARN_ENUM_CONVERSION = YES;
				CLANG_WARN_INFINITE_RECURSION = YES;
				CLANG_WARN_INT_CONVERSION = YES;
				CLANG_WARN_NON_LITERAL_NULL_CONVERSION = YES;
				CLANG_WARN_OBJC_IMPLICIT_RETAIN_SELF = YES;
				CLANG_WARN_OBJC_LITERAL_CONVERSION = YES;
				CLANG_WARN_OBJC_ROOT_CLASS = YES_ERROR;
				CLANG_WARN_QUOTED_INCLUDE_IN_FRAMEWORK_HEADER = YES;
				CLANG_WARN_RANGE_LOOP_ANALYSIS = YES;
				CLANG_WARN_STRICT_PROTOTYPES = YES;
				CLANG_WARN_SUSPICIOUS_MOVE = YES;
				CLANG_WARN_UNGUARDED_AVAILABILITY = YES_AGGRESSIVE;
				CLANG_WARN_UNREACHABLE_CODE = YES;
				CLANG_WARN__DUPLICATE_METHOD_MATCH = YES;
				COPY_PHASE_STRIP = NO;
				DEBUG_INFORMATION_FORMAT = dwarf;
				ENABLE_STRICT_OBJC_MSGSEND = YES;
				ENABLE_TESTABILITY = YES;
				ENABLE_USER_SCRIPT_SANDBOXING = YES;
				GCC_C_LANGUAGE_STANDARD = gnu17;
				GCC_DYNAMIC_NO_PIC = NO;
				GCC_NO_COMMON_BLOCKS = YES;
				GCC_OPTIMIZATION_LEVEL = 0;
				GCC_PREPROCESSOR_DEFINITIONS = (
					"DEBUG=1",
					"$(inherited)",
				);
				GCC_WARN_64_TO_32_BIT_CONVERSION = YES;
				GCC_WARN_ABOUT_RETURN_TYPE = YES_ERROR;
				GCC_WARN_UNDECLARED_SELECTOR = YES;
				GCC_WARN_UNINITIALIZED_AUTOS = YES_AGGRESSIVE;
				GCC_WARN_UNUSED_FUNCTION = YES;
				GCC_WARN_UNUSED_VARIABLE = YES;
				IPHONEOS_DEPLOYMENT_TARGET = 17.5;
				LOCALIZATION_PREFERS_STRING_CATALOGS = YES;
				MTL_ENABLE_DEBUG_INFO = INCLUDE_SOURCE;
				MTL_FAST_MATH = YES;
				ONLY_ACTIVE_ARCH = YES;
				SDKROOT = iphoneos;
				SWIFT_ACTIVE_COMPILATION_CONDITIONS = "DEBUG $(inherited)";
				SWIFT_OPTIMIZATION_LEVEL = "-Onone";
			};
			name = Debug;
		};
		7A1ACCF62C2D58F0004FE3AC /* Release */ = {
			isa = XCBuildConfiguration;
			buildSettings = {
				ALWAYS_SEARCH_USER_PATHS = NO;
				ASSETCATALOG_COMPILER_GENERATE_SWIFT_ASSET_SYMBOL_EXTENSIONS = YES;
				CLANG_ANALYZER_NONNULL = YES;
				CLANG_ANALYZER_NUMBER_OBJECT_CONVERSION = YES_AGGRESSIVE;
				CLANG_CXX_LANGUAGE_STANDARD = "gnu++20";
				CLANG_ENABLE_MODULES = YES;
				CLANG_ENABLE_OBJC_ARC = YES;
				CLANG_ENABLE_OBJC_WEAK = YES;
				CLANG_WARN_BLOCK_CAPTURE_AUTORELEASING = YES;
				CLANG_WARN_BOOL_CONVERSION = YES;
				CLANG_WARN_COMMA = YES;
				CLANG_WARN_CONSTANT_CONVERSION = YES;
				CLANG_WARN_DEPRECATED_OBJC_IMPLEMENTATIONS = YES;
				CLANG_WARN_DIRECT_OBJC_ISA_USAGE = YES_ERROR;
				CLANG_WARN_DOCUMENTATION_COMMENTS = YES;
				CLANG_WARN_EMPTY_BODY = YES;
				CLANG_WARN_ENUM_CONVERSION = YES;
				CLANG_WARN_INFINITE_RECURSION = YES;
				CLANG_WARN_INT_CONVERSION = YES;
				CLANG_WARN_NON_LITERAL_NULL_CONVERSION = YES;
				CLANG_WARN_OBJC_IMPLICIT_RETAIN_SELF = YES;
				CLANG_WARN_OBJC_LITERAL_CONVERSION = YES;
				CLANG_WARN_OBJC_ROOT_CLASS = YES_ERROR;
				CLANG_WARN_QUOTED_INCLUDE_IN_FRAMEWORK_HEADER = YES;
				CLANG_WARN_RANGE_LOOP_ANALYSIS = YES;
				CLANG_WARN_STRICT_PROTOTYPES = YES;
				CLANG_WARN_SUSPICIOUS_MOVE = YES;
				CLANG_WARN_UNGUARDED_AVAILABILITY = YES_AGGRESSIVE;
				CLANG_WARN_UNREACHABLE_CODE = YES;
				CLANG_WARN__DUPLICATE_METHOD_MATCH = YES;
				COPY_PHASE_STRIP = NO;
				DEBUG_INFORMATION_FORMAT = "dwarf-with-dsym";
				ENABLE_NS_ASSERTIONS = NO;
				ENABLE_STRICT_OBJC_MSGSEND = YES;
				ENABLE_USER_SCRIPT_SANDBOXING = YES;
				GCC_C_LANGUAGE_STANDARD = gnu17;
				GCC_NO_COMMON_BLOCKS = YES;
				GCC_WARN_64_TO_32_BIT_CONVERSION = YES;
				GCC_WARN_ABOUT_RETURN_TYPE = YES_ERROR;
				GCC_WARN_UNDECLARED_SELECTOR = YES;
				GCC_WARN_UNINITIALIZED_AUTOS = YES_AGGRESSIVE;
				GCC_WARN_UNUSED_FUNCTION = YES;
				GCC_WARN_UNUSED_VARIABLE = YES;
				IPHONEOS_DEPLOYMENT_TARGET = 17.5;
				LOCALIZATION_PREFERS_STRING_CATALOGS = YES;
				MTL_ENABLE_DEBUG_INFO = NO;
				MTL_FAST_MATH = YES;
				SDKROOT = iphoneos;
				SWIFT_COMPILATION_MODE = wholemodule;
				VALIDATE_PRODUCT = YES;
			};
			name = Release;
		};
		7A1ACCF82C2D58F0004FE3AC /* Debug */ = {
			isa = XCBuildConfiguration;
			baseConfigurationReference = EE95A81503AABF826540FC7E /* Pods-ToDo.debug.xcconfig */;
			buildSettings = {
				ASSETCATALOG_COMPILER_APPICON_NAME = AppIcon;
				ASSETCATALOG_COMPILER_GLOBAL_ACCENT_COLOR_NAME = AccentColor;
				CODE_SIGN_STYLE = Automatic;
				CURRENT_PROJECT_VERSION = 1;
				DEVELOPMENT_ASSET_PATHS = "\"ToDo/Preview Content\"";
				ENABLE_PREVIEWS = YES;
				ENABLE_USER_SCRIPT_SANDBOXING = NO;
				GENERATE_INFOPLIST_FILE = YES;
				INFOPLIST_KEY_UIApplicationSceneManifest_Generation = YES;
				INFOPLIST_KEY_UIApplicationSupportsIndirectInputEvents = YES;
				INFOPLIST_KEY_UILaunchScreen_Generation = YES;
				INFOPLIST_KEY_UISupportedInterfaceOrientations_iPad = "UIInterfaceOrientationPortrait UIInterfaceOrientationPortraitUpsideDown UIInterfaceOrientationLandscapeLeft UIInterfaceOrientationLandscapeRight";
				INFOPLIST_KEY_UISupportedInterfaceOrientations_iPhone = "UIInterfaceOrientationPortrait UIInterfaceOrientationLandscapeLeft UIInterfaceOrientationLandscapeRight";
				LD_RUNPATH_SEARCH_PATHS = (
					"$(inherited)",
					"@executable_path/Frameworks",
				);
				MARKETING_VERSION = 1.0;
				PRODUCT_BUNDLE_IDENTIFIER = siamsharif.ToDo;
				PRODUCT_NAME = "$(TARGET_NAME)";
				SWIFT_EMIT_LOC_STRINGS = YES;
				SWIFT_VERSION = 5.0;
				TARGETED_DEVICE_FAMILY = "1,2";
			};
			name = Debug;
		};
		7A1ACCF92C2D58F0004FE3AC /* Release */ = {
			isa = XCBuildConfiguration;
			baseConfigurationReference = 030FD1E69C7709BE3C934653 /* Pods-ToDo.release.xcconfig */;
			buildSettings = {
				ASSETCATALOG_COMPILER_APPICON_NAME = AppIcon;
				ASSETCATALOG_COMPILER_GLOBAL_ACCENT_COLOR_NAME = AccentColor;
				CODE_SIGN_STYLE = Automatic;
				CURRENT_PROJECT_VERSION = 1;
				DEVELOPMENT_ASSET_PATHS = "\"ToDo/Preview Content\"";
				ENABLE_PREVIEWS = YES;
				ENABLE_USER_SCRIPT_SANDBOXING = NO;
				GENERATE_INFOPLIST_FILE = YES;
				INFOPLIST_KEY_UIApplicationSceneManifest_Generation = YES;
				INFOPLIST_KEY_UIApplicationSupportsIndirectInputEvents = YES;
				INFOPLIST_KEY_UILaunchScreen_Generation = YES;
				INFOPLIST_KEY_UISupportedInterfaceOrientations_iPad = "UIInterfaceOrientationPortrait UIInterfaceOrientationPortraitUpsideDown UIInterfaceOrientationLandscapeLeft UIInterfaceOrientationLandscapeRight";
				INFOPLIST_KEY_UISupportedInterfaceOrientations_iPhone = "UIInterfaceOrientationPortrait UIInterfaceOrientationLandscapeLeft UIInterfaceOrientationLandscapeRight";
				LD_RUNPATH_SEARCH_PATHS = (
					"$(inherited)",
					"@executable_path/Frameworks",
				);
				MARKETING_VERSION = 1.0;
				PRODUCT_BUNDLE_IDENTIFIER = siamsharif.ToDo;
				PRODUCT_NAME = "$(TARGET_NAME)";
				SWIFT_EMIT_LOC_STRINGS = YES;
				SWIFT_VERSION = 5.0;
				TARGETED_DEVICE_FAMILY = "1,2";
			};
			name = Release;
		};
		7A1ACCFB2C2D58F0004FE3AC /* Debug */ = {
			isa = XCBuildConfiguration;
			baseConfigurationReference = 8867FBB5794C333C9392BF77 /* Pods-ToDoTests.debug.xcconfig */;
			buildSettings = {
				ALWAYS_EMBED_SWIFT_STANDARD_LIBRARIES = YES;
				BUNDLE_LOADER = "$(TEST_HOST)";
				CODE_SIGN_STYLE = Automatic;
				CURRENT_PROJECT_VERSION = 1;
				GENERATE_INFOPLIST_FILE = YES;
				IPHONEOS_DEPLOYMENT_TARGET = 17.5;
				MARKETING_VERSION = 1.0;
				PRODUCT_BUNDLE_IDENTIFIER = siamsharif.ToDoTests;
				PRODUCT_NAME = "$(TARGET_NAME)";
				SWIFT_EMIT_LOC_STRINGS = NO;
				SWIFT_VERSION = 5.0;
				TARGETED_DEVICE_FAMILY = "1,2";
				TEST_HOST = "$(BUILT_PRODUCTS_DIR)/ToDo.app/$(BUNDLE_EXECUTABLE_FOLDER_PATH)/ToDo";
			};
			name = Debug;
		};
		7A1ACCFC2C2D58F0004FE3AC /* Release */ = {
			isa = XCBuildConfiguration;
			baseConfigurationReference = FBEAF41232CB49526B74FEA0 /* Pods-ToDoTests.release.xcconfig */;
			buildSettings = {
				ALWAYS_EMBED_SWIFT_STANDARD_LIBRARIES = YES;
				BUNDLE_LOADER = "$(TEST_HOST)";
				CODE_SIGN_STYLE = Automatic;
				CURRENT_PROJECT_VERSION = 1;
				GENERATE_INFOPLIST_FILE = YES;
				IPHONEOS_DEPLOYMENT_TARGET = 17.5;
				MARKETING_VERSION = 1.0;
				PRODUCT_BUNDLE_IDENTIFIER = siamsharif.ToDoTests;
				PRODUCT_NAME = "$(TARGET_NAME)";
				SWIFT_EMIT_LOC_STRINGS = NO;
				SWIFT_VERSION = 5.0;
				TARGETED_DEVICE_FAMILY = "1,2";
				TEST_HOST = "$(BUILT_PRODUCTS_DIR)/ToDo.app/$(BUNDLE_EXECUTABLE_FOLDER_PATH)/ToDo";
			};
			name = Release;
		};
		7A1ACCFE2C2D58F0004FE3AC /* Debug */ = {
			isa = XCBuildConfiguration;
			baseConfigurationReference = F5A49836478847D2C2C4FB18 /* Pods-ToDo-ToDoUITests.debug.xcconfig */;
			buildSettings = {
				ALWAYS_EMBED_SWIFT_STANDARD_LIBRARIES = YES;
				CODE_SIGN_STYLE = Automatic;
				CURRENT_PROJECT_VERSION = 1;
				GENERATE_INFOPLIST_FILE = YES;
				MARKETING_VERSION = 1.0;
				PRODUCT_BUNDLE_IDENTIFIER = siamsharif.ToDoUITests;
				PRODUCT_NAME = "$(TARGET_NAME)";
				SWIFT_EMIT_LOC_STRINGS = NO;
				SWIFT_VERSION = 5.0;
				TARGETED_DEVICE_FAMILY = "1,2";
				TEST_TARGET_NAME = ToDo;
			};
			name = Debug;
		};
		7A1ACCFF2C2D58F0004FE3AC /* Release */ = {
			isa = XCBuildConfiguration;
			baseConfigurationReference = 675C4029EB527ABEB3C0ECE3 /* Pods-ToDo-ToDoUITests.release.xcconfig */;
			buildSettings = {
				ALWAYS_EMBED_SWIFT_STANDARD_LIBRARIES = YES;
				CODE_SIGN_STYLE = Automatic;
				CURRENT_PROJECT_VERSION = 1;
				GENERATE_INFOPLIST_FILE = YES;
				MARKETING_VERSION = 1.0;
				PRODUCT_BUNDLE_IDENTIFIER = siamsharif.ToDoUITests;
				PRODUCT_NAME = "$(TARGET_NAME)";
				SWIFT_EMIT_LOC_STRINGS = NO;
				SWIFT_VERSION = 5.0;
				TARGETED_DEVICE_FAMILY = "1,2";
				TEST_TARGET_NAME = ToDo;
			};
			name = Release;
		};
/* End XCBuildConfiguration section */

/* Begin XCConfigurationList section */
		7A1ACCCE2C2D58ED004FE3AC /* Build configuration list for PBXProject "ToDo" */ = {
			isa = XCConfigurationList;
			buildConfigurations = (
				7A1ACCF52C2D58F0004FE3AC /* Debug */,
				7A1ACCF62C2D58F0004FE3AC /* Release */,
			);
			defaultConfigurationIsVisible = 0;
			defaultConfigurationName = Release;
		};
		7A1ACCF72C2D58F0004FE3AC /* Build configuration list for PBXNativeTarget "ToDo" */ = {
			isa = XCConfigurationList;
			buildConfigurations = (
				7A1ACCF82C2D58F0004FE3AC /* Debug */,
				7A1ACCF92C2D58F0004FE3AC /* Release */,
			);
			defaultConfigurationIsVisible = 0;
			defaultConfigurationName = Release;
		};
		7A1ACCFA2C2D58F0004FE3AC /* Build configuration list for PBXNativeTarget "ToDoTests" */ = {
			isa = XCConfigurationList;
			buildConfigurations = (
				7A1ACCFB2C2D58F0004FE3AC /* Debug */,
				7A1ACCFC2C2D58F0004FE3AC /* Release */,
			);
			defaultConfigurationIsVisible = 0;
			defaultConfigurationName = Release;
		};
		7A1ACCFD2C2D58F0004FE3AC /* Build configuration list for PBXNativeTarget "ToDoUITests" */ = {
			isa = XCConfigurationList;
			buildConfigurations = (
				7A1ACCFE2C2D58F0004FE3AC /* Debug */,
				7A1ACCFF2C2D58F0004FE3AC /* Release */,
			);
			defaultConfigurationIsVisible = 0;
			defaultConfigurationName = Release;
		};
/* End XCConfigurationList section */

/* Begin XCRemoteSwiftPackageReference section */
		7AB5C83F2C2DDF34009CFDFD /* XCRemoteSwiftPackageReference "firebase-ios-sdk" */ = {
			isa = XCRemoteSwiftPackageReference;
			repositoryURL = "https://github.com/firebase/firebase-ios-sdk";
			requirement = {
				kind = upToNextMajorVersion;
				minimumVersion = 10.28.1;
			};
		};
		7AB5C8482C2DE038009CFDFD /* XCRemoteSwiftPackageReference "GoogleSignIn-iOS" */ = {
			isa = XCRemoteSwiftPackageReference;
			repositoryURL = "https://github.com/google/GoogleSignIn-iOS";
			requirement = {
				kind = upToNextMajorVersion;
				minimumVersion = 7.1.0;
			};
		};
		7AD34DAC2C2D8D40009235C7 /* XCRemoteSwiftPackageReference "Kingfisher" */ = {
			isa = XCRemoteSwiftPackageReference;
			repositoryURL = "https://github.com/onevcat/Kingfisher";
			requirement = {
				kind = upToNextMajorVersion;
				minimumVersion = 7.12.0;
			};
		};
/* End XCRemoteSwiftPackageReference section */

/* Begin XCSwiftPackageProductDependency section */
		7AB5C8402C2DDF34009CFDFD /* FirebaseAuth */ = {
			isa = XCSwiftPackageProductDependency;
			package = 7AB5C83F2C2DDF34009CFDFD /* XCRemoteSwiftPackageReference "firebase-ios-sdk" */;
			productName = FirebaseAuth;
		};
		7AB5C8422C2DDF34009CFDFD /* FirebaseFirestore */ = {
			isa = XCSwiftPackageProductDependency;
			package = 7AB5C83F2C2DDF34009CFDFD /* XCRemoteSwiftPackageReference "firebase-ios-sdk" */;
			productName = FirebaseFirestore;
		};
		7AB5C8442C2DDF34009CFDFD /* FirebaseFirestoreSwift */ = {
			isa = XCSwiftPackageProductDependency;
			package = 7AB5C83F2C2DDF34009CFDFD /* XCRemoteSwiftPackageReference "firebase-ios-sdk" */;
			productName = FirebaseFirestoreSwift;
		};
		7AB5C8462C2DDF34009CFDFD /* FirebaseStorage */ = {
			isa = XCSwiftPackageProductDependency;
			package = 7AB5C83F2C2DDF34009CFDFD /* XCRemoteSwiftPackageReference "firebase-ios-sdk" */;
			productName = FirebaseStorage;
		};
		7AD34DAD2C2D8E2A009235C7 /* Kingfisher */ = {
			isa = XCSwiftPackageProductDependency;
			package = 7AD34DAC2C2D8D40009235C7 /* XCRemoteSwiftPackageReference "Kingfisher" */;
			productName = Kingfisher;
		};
/* End XCSwiftPackageProductDependency section */

/* Begin XCVersionGroup section */
		7A7185E52C316F0200D75264 /* ToDo.xcdatamodeld */ = {
			isa = XCVersionGroup;
			children = (
				7A7185E82C31726C00D75264 /* ToDo 2.xcdatamodel */,
				7A7185E62C316F0200D75264 /* ToDo.xcdatamodel */,
			);
			currentVersion = 7A7185E62C316F0200D75264 /* ToDo.xcdatamodel */;
			name = ToDo.xcdatamodeld;
			path = /Users/bs00484/Documents/ToDo/ToDo/ToDo.xcdatamodeld;
			sourceTree = "<group>";
			versionGroupType = wrapper.xcdatamodel;
		};
/* End XCVersionGroup section */
	};
	rootObject = 7A1ACCCB2C2D58ED004FE3AC /* Project object */;
}
